# THIS IS AN AUTOGENERATED FILE. DO NOT EDIT THIS FILE DIRECTLY.
# yarn lockfile v1


highlight.js@^10.1.2:
  version "10.1.2"
  resolved "https://registry.yarnpkg.com/highlight.js/-/highlight.js-10.1.2.tgz#c20db951ba1c22c055010648dfffd7b2a968e00c"
  integrity sha512-Q39v/Mn5mfBlMff9r+zzA+gWxRsCRKwEMvYTiisLr/XUiFI/4puWt0Ojdko3R3JCNWGdOWaA5g/Yxqa23kC5AA==

xml-formatter@^2.1.3:
  version "2.1.3"
  resolved "https://registry.yarnpkg.com/xml-formatter/-/xml-formatter-2.1.3.tgz#f4274c46fb90fa868d46fe3a3cf7d1c5161bee4c"
  integrity sha512-4l8HSMhEfdX67qidWWvq2rbxuhhZbafPwCJ7JWrGAmWPgWMDSQ2DEuGYQ+Cvd6lO0YXQcze8po3bkW0/LLMdDw==
  dependencies:
    xml-parser-xo "^3.0.0"

xml-parser-xo@^3.0.0:
  version "3.0.1"
  resolved "https://registry.yarnpkg.com/xml-parser-xo/-/xml-parser-xo-3.0.1.tgz#459d4e6a2320ed698ad68e6233c9fe5556b50d9f"
  integrity sha512-dLUob+wGEp54igyHm6SIIEoepQFTGLEV2nLf8v5Jv3fx4nzF+8vyp9gPxAfgxjFI6GuUwRn7wy9Z9IqQl6cogg==
