{
  "name": "administration",
  "lockfileVersion": 3,
  "requires": true,
  "packages": {
    "": {
      "dependencies": {
        "highlight.js": "^10.1.2",
        "xml-formatter": "^2.1.3"
      }
    },
    "node_modules/highlight.js": {
      "version": "10.7.3",
      "resolved": "https://registry.npmjs.org/highlight.js/-/highlight.js-10.7.3.tgz",
      "integrity": "sha512-tzcUFauisWKNHaRkN4Wjl/ZA07gENAjFl3J/c480dprkGTg5EQstgaNFqBfUqCq54kZRIEcreTsAgF/m2quD7A==",
      "engines": {
        "node": "*"
      }
    },
    "node_modules/xml-formatter": {
      "version": "2.6.1",
      "resolved": "https://registry.npmjs.org/xml-formatter/-/xml-formatter-2.6.1.tgz",
      "integrity": "sha512-dOiGwoqm8y22QdTNI7A+N03tyVfBlQ0/oehAzxIZtwnFAHGeSlrfjF73YQvzSsa/Kt6+YZasKsrdu6OIpuBggw==",
      "dependencies": {
        "xml-parser-xo": "^3.2.0"
      },
      "engines": {
        "node": ">= 10"
      }
    },
    "node_modules/xml-parser-xo": {
      "version": "3.2.0",
      "resolved": "https://registry.npmjs.org/xml-parser-xo/-/xml-parser-xo-3.2.0.tgz",
      "integrity": "sha512-8LRU6cq+d7mVsoDaMhnkkt3CTtAs4153p49fRo+HIB3I1FD1o5CeXRjRH29sQevIfVJIcPjKSsPU/+Ujhq09Rg==",
      "engines": {
        "node": ">= 10"
      }
    }
  }
}
